
Microsoft Visual Studio Solution File, Format Version 12.00
# Visual Studio Version 16
VisualStudioVersion = 16.0.30204.135
MinimumVisualStudioVersion = 10.0.40219.1
Project("{FAE04EC0-301F-11D3-BF4B-00C04F79EFBC}") = "P4Projekt_2", "P4Projekt_2\P4Projekt_2.csproj", "{AAAE1217-CE7C-4BDB-B198-D10AEF6C64CE}"
EndProject
Global
	GlobalSection(SolutionConfigurationPlatforms) = preSolution
		Debug|Any CPU = Debug|Any CPU
		Release|Any CPU = Release|Any CPU
	EndGlobalSection
	GlobalSection(ProjectConfigurationPlatforms) = postSolution
		{AAAE1217-CE7C-4BDB-B198-D10AEF6C64CE}.Debug|Any CPU.ActiveCfg = Debug|Any CPU
		{AAAE1217-CE7C-4BDB-B198-D10AEF6C64CE}.Debug|Any CPU.Build.0 = Debug|Any CPU
		{AAAE1217-CE7C-4BDB-B198-D10AEF6C64CE}.Release|Any CPU.ActiveCfg = Release|Any CPU
		{AAAE1217-CE7C-4BDB-B198-D10AEF6C64CE}.Release|Any CPU.Build.0 = Release|Any CPU
	EndGlobalSection
	GlobalSection(SolutionProperties) = preSolution
		HideSolutionNode = FALSE
	EndGlobalSection
	GlobalSection(ExtensibilityGlobals) = postSolution
		SolutionGuid = {B6C8BB18-0A5E-4861-8CA6-D7FF0C322967}
	EndGlobalSection
EndGlobal
